
Microsoft Visual Studio Solution File, Format Version 12.00
# Visual Studio Version 17
VisualStudioVersion = 17.3.32929.385
MinimumVisualStudioVersion = 10.0.40219.1
Project("{FAE04EC0-301F-11D3-BF4B-00C04F79EFBC}") = "OnlineStore", "OnlineStore\OnlineStore.csproj", "{636C9A41-14D0-49D0-B65B-BE1D433EBE27}"
EndProject
Global
	GlobalSection(SolutionConfigurationPlatforms) = preSolution
		Debug|Any CPU = Debug|Any CPU
		Release|Any CPU = Release|Any CPU
	EndGlobalSection
	GlobalSection(ProjectConfigurationPlatforms) = postSolution
		{636C9A41-14D0-49D0-B65B-BE1D433EBE27}.Debug|Any CPU.ActiveCfg = Debug|Any CPU
		{636C9A41-14D0-49D0-B65B-BE1D433EBE27}.Debug|Any CPU.Build.0 = Debug|Any CPU
		{636C9A41-14D0-49D0-B65B-BE1D433EBE27}.Release|Any CPU.ActiveCfg = Release|Any CPU
		{636C9A41-14D0-49D0-B65B-BE1D433EBE27}.Release|Any CPU.Build.0 = Release|Any CPU
	EndGlobalSection
	GlobalSection(SolutionProperties) = preSolution
		HideSolutionNode = FALSE
	EndGlobalSection
	GlobalSection(ExtensibilityGlobals) = postSolution
		SolutionGuid = {28314536-E3DA-4F04-82AF-A161C73A2311}
	EndGlobalSection
EndGlobal
